
Microsoft Visual Studio Solution File, Format Version 12.00
# Visual Studio for Mac
Project("{FAE04EC0-301F-11D3-BF4B-00C04F79EFBC}") = "Assembly-CSharp-firstpass", "Assembly-CSharp-firstpass.csproj", "{8506B5DE-C005-43BE-B660-6F87A4B5206A}"
EndProject
Project("{FAE04EC0-301F-11D3-BF4B-00C04F79EFBC}") = "Assembly-CSharp", "Assembly-CSharp.csproj", "{984B1369-0196-FAC1-D2E1-BCD5C5EBE380}"
EndProject
Project("{FAE04EC0-301F-11D3-BF4B-00C04F79EFBC}") = "Assembly-CSharp-Editor-firstpass", "Assembly-CSharp-Editor-firstpass.csproj", "{3E6532B5-C91E-7D9F-FB4F-C2C4A77C0C77}"
EndProject
Project("{FAE04EC0-301F-11D3-BF4B-00C04F79EFBC}") = "Assembly-CSharp-Editor", "Assembly-CSharp-Editor.csproj", "{9BE98724-6728-C381-5857-CFFAD3420D62}"
EndProject
Global
	GlobalSection(SolutionConfigurationPlatforms) = preSolution
		Debug|Any CPU = Debug|Any CPU
		Release|Any CPU = Release|Any CPU
	EndGlobalSection
	GlobalSection(ProjectConfigurationPlatforms) = postSolution
		{8506B5DE-C005-43BE-B660-6F87A4B5206A}.Debug|Any CPU.ActiveCfg = Debug|Any CPU
		{8506B5DE-C005-43BE-B660-6F87A4B5206A}.Debug|Any CPU.Build.0 = Debug|Any CPU
		{8506B5DE-C005-43BE-B660-6F87A4B5206A}.Release|Any CPU.ActiveCfg = Release|Any CPU
		{8506B5DE-C005-43BE-B660-6F87A4B5206A}.Release|Any CPU.Build.0 = Release|Any CPU
		{984B1369-0196-FAC1-D2E1-BCD5C5EBE380}.Debug|Any CPU.ActiveCfg = Debug|Any CPU
		{984B1369-0196-FAC1-D2E1-BCD5C5EBE380}.Debug|Any CPU.Build.0 = Debug|Any CPU
		{984B1369-0196-FAC1-D2E1-BCD5C5EBE380}.Release|Any CPU.ActiveCfg = Release|Any CPU
		{984B1369-0196-FAC1-D2E1-BCD5C5EBE380}.Release|Any CPU.Build.0 = Release|Any CPU
		{3E6532B5-C91E-7D9F-FB4F-C2C4A77C0C77}.Debug|Any CPU.ActiveCfg = Debug|Any CPU
		{3E6532B5-C91E-7D9F-FB4F-C2C4A77C0C77}.Debug|Any CPU.Build.0 = Debug|Any CPU
		{3E6532B5-C91E-7D9F-FB4F-C2C4A77C0C77}.Release|Any CPU.ActiveCfg = Release|Any CPU
		{3E6532B5-C91E-7D9F-FB4F-C2C4A77C0C77}.Release|Any CPU.Build.0 = Release|Any CPU
		{9BE98724-6728-C381-5857-CFFAD3420D62}.Debug|Any CPU.ActiveCfg = Debug|Any CPU
		{9BE98724-6728-C381-5857-CFFAD3420D62}.Debug|Any CPU.Build.0 = Debug|Any CPU
		{9BE98724-6728-C381-5857-CFFAD3420D62}.Release|Any CPU.ActiveCfg = Release|Any CPU
		{9BE98724-6728-C381-5857-CFFAD3420D62}.Release|Any CPU.Build.0 = Release|Any CPU
	EndGlobalSection
	GlobalSection(SolutionProperties) = preSolution
		HideSolutionNode = FALSE
	EndGlobalSection
EndGlobal
